
Microsoft Visual Studio Solution File, Format Version 12.00
# Visual Studio 14
VisualStudioVersion = 14.0.24720.0
MinimumVisualStudioVersion = 10.0.40219.1
Project("{FAE04EC0-301F-11D3-BF4B-00C04F79EFBC}") = "Astrosoft.Application", "Astrosoft.Application\Astrosoft.Application.csproj", "{A2792F35-99FB-48F6-BE11-E1AED00AA224}"
EndProject
Project("{FAE04EC0-301F-11D3-BF4B-00C04F79EFBC}") = "Astrosoft.DataContracts", "Astrosoft.DataContracts\Astrosoft.DataContracts.csproj", "{9E6EB9AF-04E8-4A4E-8FFE-523C26BF6271}"
EndProject
Project("{FAE04EC0-301F-11D3-BF4B-00C04F79EFBC}") = "Astrosoft.FakeSource", "Astrosoft.FakeSource\Astrosoft.FakeSource.csproj", "{8C1D0D08-5BA2-449F-A4B4-653E9F338F1E}"
EndProject
Global
	GlobalSection(SolutionConfigurationPlatforms) = preSolution
		Debug|Any CPU = Debug|Any CPU
		Release|Any CPU = Release|Any CPU
	EndGlobalSection
	GlobalSection(ProjectConfigurationPlatforms) = postSolution
		{A2792F35-99FB-48F6-BE11-E1AED00AA224}.Debug|Any CPU.ActiveCfg = Debug|Any CPU
		{A2792F35-99FB-48F6-BE11-E1AED00AA224}.Debug|Any CPU.Build.0 = Debug|Any CPU
		{A2792F35-99FB-48F6-BE11-E1AED00AA224}.Release|Any CPU.ActiveCfg = Release|Any CPU
		{A2792F35-99FB-48F6-BE11-E1AED00AA224}.Release|Any CPU.Build.0 = Release|Any CPU
		{9E6EB9AF-04E8-4A4E-8FFE-523C26BF6271}.Debug|Any CPU.ActiveCfg = Debug|Any CPU
		{9E6EB9AF-04E8-4A4E-8FFE-523C26BF6271}.Debug|Any CPU.Build.0 = Debug|Any CPU
		{9E6EB9AF-04E8-4A4E-8FFE-523C26BF6271}.Release|Any CPU.ActiveCfg = Release|Any CPU
		{9E6EB9AF-04E8-4A4E-8FFE-523C26BF6271}.Release|Any CPU.Build.0 = Release|Any CPU
		{8C1D0D08-5BA2-449F-A4B4-653E9F338F1E}.Debug|Any CPU.ActiveCfg = Debug|Any CPU
		{8C1D0D08-5BA2-449F-A4B4-653E9F338F1E}.Debug|Any CPU.Build.0 = Debug|Any CPU
		{8C1D0D08-5BA2-449F-A4B4-653E9F338F1E}.Release|Any CPU.ActiveCfg = Release|Any CPU
		{8C1D0D08-5BA2-449F-A4B4-653E9F338F1E}.Release|Any CPU.Build.0 = Release|Any CPU
	EndGlobalSection
	GlobalSection(SolutionProperties) = preSolution
		HideSolutionNode = FALSE
	EndGlobalSection
EndGlobal
